
Microsoft Visual Studio Solution File, Format Version 12.00
# Visual Studio 15
VisualStudioVersion = 15.0.27703.2000
MinimumVisualStudioVersion = 10.0.40219.1
Project("{FAE04EC0-301F-11D3-BF4B-00C04F79EFBC}") = "automontronic.heic", "automontronic.heic\automontronic.heic.csproj", "{804096D6-BAAB-4ACC-8E3C-1CF85E7EF6A7}"
EndProject
Global
	GlobalSection(SolutionConfigurationPlatforms) = preSolution
		Debug|Any CPU = Debug|Any CPU
		Release|Any CPU = Release|Any CPU
	EndGlobalSection
	GlobalSection(ProjectConfigurationPlatforms) = postSolution
		{804096D6-BAAB-4ACC-8E3C-1CF85E7EF6A7}.Debug|Any CPU.ActiveCfg = Debug|Any CPU
		{804096D6-BAAB-4ACC-8E3C-1CF85E7EF6A7}.Debug|Any CPU.Build.0 = Debug|Any CPU
		{804096D6-BAAB-4ACC-8E3C-1CF85E7EF6A7}.Release|Any CPU.ActiveCfg = Release|Any CPU
		{804096D6-BAAB-4ACC-8E3C-1CF85E7EF6A7}.Release|Any CPU.Build.0 = Release|Any CPU
	EndGlobalSection
	GlobalSection(SolutionProperties) = preSolution
		HideSolutionNode = FALSE
	EndGlobalSection
	GlobalSection(ExtensibilityGlobals) = postSolution
		SolutionGuid = {A9EFE4DC-955E-4ACB-AF4A-0E8DCE13B992}
	EndGlobalSection
EndGlobal
